
Microsoft Visual Studio Solution File, Format Version 12.00
# Visual Studio Version 17
VisualStudioVersion = 17.3.32929.385
MinimumVisualStudioVersion = 10.0.40219.1
Project("{FAE04EC0-301F-11D3-BF4B-00C04F79EFBC}") = "SanlabSimülasyonClient", "SanlabSimülasyon\SanlabSimülasyonClient.csproj", "{7263D3B9-0CD4-4BAE-8C65-8E6D7A070843}"
EndProject
Global
	GlobalSection(SolutionConfigurationPlatforms) = preSolution
		Debug|Any CPU = Debug|Any CPU
		Release|Any CPU = Release|Any CPU
	EndGlobalSection
	GlobalSection(ProjectConfigurationPlatforms) = postSolution
		{7263D3B9-0CD4-4BAE-8C65-8E6D7A070843}.Debug|Any CPU.ActiveCfg = Debug|Any CPU
		{7263D3B9-0CD4-4BAE-8C65-8E6D7A070843}.Debug|Any CPU.Build.0 = Debug|Any CPU
		{7263D3B9-0CD4-4BAE-8C65-8E6D7A070843}.Release|Any CPU.ActiveCfg = Release|Any CPU
		{7263D3B9-0CD4-4BAE-8C65-8E6D7A070843}.Release|Any CPU.Build.0 = Release|Any CPU
	EndGlobalSection
	GlobalSection(SolutionProperties) = preSolution
		HideSolutionNode = FALSE
	EndGlobalSection
	GlobalSection(ExtensibilityGlobals) = postSolution
		SolutionGuid = {AA861FAD-82C6-4D92-9A7A-18DD42A9F6A4}
	EndGlobalSection
EndGlobal
